
Microsoft Visual Studio Solution File, Format Version 12.00
# Visual Studio Version 16
VisualStudioVersion = 16.0.33214.272
MinimumVisualStudioVersion = 10.0.40219.1
Project("{FAE04EC0-301F-11D3-BF4B-00C04F79EFBC}") = "практика Шугуров", "практика Шугуров.csproj", "{E615C58B-2A4D-4CBA-B33C-B68FDDD25242}"
EndProject
Global
	GlobalSection(SolutionConfigurationPlatforms) = preSolution
		Debug|Any CPU = Debug|Any CPU
		Release|Any CPU = Release|Any CPU
	EndGlobalSection
	GlobalSection(ProjectConfigurationPlatforms) = postSolution
		{E615C58B-2A4D-4CBA-B33C-B68FDDD25242}.Debug|Any CPU.ActiveCfg = Debug|Any CPU
		{E615C58B-2A4D-4CBA-B33C-B68FDDD25242}.Debug|Any CPU.Build.0 = Debug|Any CPU
		{E615C58B-2A4D-4CBA-B33C-B68FDDD25242}.Release|Any CPU.ActiveCfg = Release|Any CPU
		{E615C58B-2A4D-4CBA-B33C-B68FDDD25242}.Release|Any CPU.Build.0 = Release|Any CPU
	EndGlobalSection
	GlobalSection(SolutionProperties) = preSolution
		HideSolutionNode = FALSE
	EndGlobalSection
	GlobalSection(ExtensibilityGlobals) = postSolution
		SolutionGuid = {19DC30B5-892E-44CC-8B6A-6EFC464D0F95}
	EndGlobalSection
EndGlobal
